
Microsoft Visual Studio Solution File, Format Version 12.00
Project("{FAE04EC0-301F-11D3-BF4B-00C04F79EFBC}") = "MongoConcurrency", "MongoConcurrency\MongoConcurrency.csproj", "{B16B6169-BC78-4939-8849-447A7DB80B15}"
EndProject
Project("{FAE04EC0-301F-11D3-BF4B-00C04F79EFBC}") = "MongoConcurrency.Tests", "MongoConcurrency.Tests\MongoConcurrency.Tests.csproj", "{C6807477-273D-445B-BD02-49E2D474B624}"
EndProject
Global
	GlobalSection(SolutionConfigurationPlatforms) = preSolution
		Debug|Any CPU = Debug|Any CPU
		Release|Any CPU = Release|Any CPU
	EndGlobalSection
	GlobalSection(ProjectConfigurationPlatforms) = postSolution
		{B16B6169-BC78-4939-8849-447A7DB80B15}.Debug|Any CPU.ActiveCfg = Debug|Any CPU
		{B16B6169-BC78-4939-8849-447A7DB80B15}.Debug|Any CPU.Build.0 = Debug|Any CPU
		{B16B6169-BC78-4939-8849-447A7DB80B15}.Release|Any CPU.ActiveCfg = Release|Any CPU
		{B16B6169-BC78-4939-8849-447A7DB80B15}.Release|Any CPU.Build.0 = Release|Any CPU
		{C6807477-273D-445B-BD02-49E2D474B624}.Debug|Any CPU.ActiveCfg = Debug|Any CPU
		{C6807477-273D-445B-BD02-49E2D474B624}.Debug|Any CPU.Build.0 = Debug|Any CPU
		{C6807477-273D-445B-BD02-49E2D474B624}.Release|Any CPU.ActiveCfg = Release|Any CPU
		{C6807477-273D-445B-BD02-49E2D474B624}.Release|Any CPU.Build.0 = Release|Any CPU
	EndGlobalSection
EndGlobal
